
Microsoft Visual Studio Solution File, Format Version 12.00
# Visual Studio Version 17
VisualStudioVersion = 17.4.33213.308
MinimumVisualStudioVersion = 10.0.40219.1
Project("{9A19103F-16F7-4668-BE54-9A1E7A4F7556}") = "Estudio", "Estudio\Estudio.csproj", "{EBCF4E71-B443-4372-9E14-420942FA5CEA}"
EndProject
Global
	GlobalSection(SolutionConfigurationPlatforms) = preSolution
		Debug|Any CPU = Debug|Any CPU
		Release|Any CPU = Release|Any CPU
	EndGlobalSection
	GlobalSection(ProjectConfigurationPlatforms) = postSolution
		{EBCF4E71-B443-4372-9E14-420942FA5CEA}.Debug|Any CPU.ActiveCfg = Debug|Any CPU
		{EBCF4E71-B443-4372-9E14-420942FA5CEA}.Debug|Any CPU.Build.0 = Debug|Any CPU
		{EBCF4E71-B443-4372-9E14-420942FA5CEA}.Release|Any CPU.ActiveCfg = Release|Any CPU
		{EBCF4E71-B443-4372-9E14-420942FA5CEA}.Release|Any CPU.Build.0 = Release|Any CPU
	EndGlobalSection
	GlobalSection(SolutionProperties) = preSolution
		HideSolutionNode = FALSE
	EndGlobalSection
	GlobalSection(ExtensibilityGlobals) = postSolution
		SolutionGuid = {40972892-253A-4476-B63A-57F24037112E}
	EndGlobalSection
EndGlobal
